
Microsoft Visual Studio Solution File, Format Version 12.00
# Visual Studio 15
VisualStudioVersion = 15.0.27428.1
MinimumVisualStudioVersion = 10.0.40219.1
Project("{FAE04EC0-301F-11D3-BF4B-00C04F79EFBC}") = "YummyCherryPie.Android", "YummyCherryPie\YummyCherryPie.Android\YummyCherryPie.Android.csproj", "{93B4B228-518C-46CD-B7D2-B45DB5F5646A}"
EndProject
Project("{D954291E-2A0B-460D-934E-DC6B0785DB48}") = "YummyCherryPie", "YummyCherryPie\YummyCherryPie\YummyCherryPie.shproj", "{11C25C1D-E697-40D9-9E34-7F220836335A}"
EndProject
Global
	GlobalSection(SharedMSBuildProjectFiles) = preSolution
		YummyCherryPie\YummyCherryPie\YummyCherryPie.projitems*{11c25c1d-e697-40d9-9e34-7f220836335a}*SharedItemsImports = 13
		YummyCherryPie\YummyCherryPie\YummyCherryPie.projitems*{93b4b228-518c-46cd-b7d2-b45db5f5646a}*SharedItemsImports = 4
	EndGlobalSection
	GlobalSection(SolutionConfigurationPlatforms) = preSolution
		Debug|Any CPU = Debug|Any CPU
		Release|Any CPU = Release|Any CPU
	EndGlobalSection
	GlobalSection(ProjectConfigurationPlatforms) = postSolution
		{93B4B228-518C-46CD-B7D2-B45DB5F5646A}.Debug|Any CPU.ActiveCfg = Debug|Any CPU
		{93B4B228-518C-46CD-B7D2-B45DB5F5646A}.Debug|Any CPU.Build.0 = Debug|Any CPU
		{93B4B228-518C-46CD-B7D2-B45DB5F5646A}.Debug|Any CPU.Deploy.0 = Debug|Any CPU
		{93B4B228-518C-46CD-B7D2-B45DB5F5646A}.Release|Any CPU.ActiveCfg = Release|Any CPU
		{93B4B228-518C-46CD-B7D2-B45DB5F5646A}.Release|Any CPU.Build.0 = Release|Any CPU
		{93B4B228-518C-46CD-B7D2-B45DB5F5646A}.Release|Any CPU.Deploy.0 = Release|Any CPU
	EndGlobalSection
	GlobalSection(SolutionProperties) = preSolution
		HideSolutionNode = FALSE
	EndGlobalSection
	GlobalSection(ExtensibilityGlobals) = postSolution
		SolutionGuid = {17C43678-E118-481D-9B93-96183A0612FB}
	EndGlobalSection
EndGlobal
